{
  "version": 4,
  "terraform_version": "1.1.2",
  "serial": 1,
  "lineage": "68550b0f-2523-1481-3de6-ab7168ffa632",
  "outputs": {},
  "resources": [
    {
      "mode": "managed",
      "type": "azurerm_resource_group",
      "name": "rg",
      "provider": "provider[\"registry.terraform.io/hashicorp/azurerm\"]",
      "instances": [
        {
          "schema_version": 0,
          "attributes": {
            "id": "/subscriptions/57f1ce9a-9c7d-48e5-85f1-c2b445d02d9a/resourceGroups/rg-devops-cicd-001",
            "location": "westeurope",
            "name": "rg-devops-cicd-001",
            "tags": null,
            "timeouts": null
          },
          "sensitive_attributes": [],
          "private": "eyLKdsmnjdKJJDsMC1lY2FhLTExZTYtOGY4OC0zNDM2M2JjN2M0YzAiOnsiY3JlYXRlIjo1NDAwMDAwMDAwMDAwLCJkZWxldGUiOjU0MDAwMDAwMDAwMDAsInJlYWQiOjMwMDAwMDAwMDAwMCwidXBkYXRlIjo1NDAwMDAwMDAwe34DfdEr="
        }
      ]
    }
  ]
}
